# THIS IS AN AUTOGENERATED FILE. DO NOT EDIT THIS FILE DIRECTLY.
# yarn lockfile v1


caller-id@^0.1.0:
  version "0.1.0"
  resolved "https://registry.yarnpkg.com/caller-id/-/caller-id-0.1.0.tgz#59bdac0893d12c3871408279231f97458364f07b"
  integrity sha1-Wb2sCJPRLDhxQIJ5Ix+XRYNk8Hs=
  dependencies:
    stack-trace "~0.0.7"

mock-require@^2.0.2:
  version "2.0.2"
  resolved "https://registry.yarnpkg.com/mock-require/-/mock-require-2.0.2.tgz#1eaa71aad23013773d127dc7e91a3fbb4837d60d"
  integrity sha1-HqpxqtIwE3c9En3H6Ro/u0g31g0=
  dependencies:
    caller-id "^0.1.0"

requirejs@^2.3.6:
  version "2.3.6"
  resolved "https://registry.yarnpkg.com/requirejs/-/requirejs-2.3.6.tgz#e5093d9601c2829251258c0b9445d4d19fa9e7c9"
  integrity sha512-ipEzlWQe6RK3jkzikgCupiTbTvm4S0/CAU5GlgptkN5SO6F3u0UD0K18wy6ErDqiCyP4J4YYe1HuAShvsxePLg==

stack-trace@~0.0.7:
  version "0.0.10"
  resolved "https://registry.yarnpkg.com/stack-trace/-/stack-trace-0.0.10.tgz#547c70b347e8d32b4e108ea1a2a159e5fdde19c0"
  integrity sha1-VHxws0fo0ytOEI6hoqFZ5f3eGcA=

tslint-language-service@^0.9.9:
  version "0.9.9"
  resolved "https://registry.yarnpkg.com/tslint-language-service/-/tslint-language-service-0.9.9.tgz#f546dc38483979e6fb3cfa59584ad8525b3ad4da"
  integrity sha1-9UbcOEg5eeb7PPpZWErYUls61No=
  dependencies:
    mock-require "^2.0.2"

typescript@^4.3.5:
  version "4.4.2"
  resolved "https://registry.yarnpkg.com/typescript/-/typescript-4.4.2.tgz#6d618640d430e3569a1dfb44f7d7e600ced3ee86"
  integrity sha512-gzP+t5W4hdy4c+68bfcv0t400HVJMMd2+H9B7gae1nQlBzCqvrXX+6GL/b3GAgyTH966pzrZ70/fRjwAtZksSQ==
